
Microsoft Visual Studio Solution File, Format Version 11.00
# Visual Studio 2010
Project("{FAE04EC0-301F-11D3-BF4B-00C04F79EFBC}") = "Disruptor", "Disruptor\Disruptor.csproj", "{9EBDC462-73AA-4A6E-9030-AE0A2E823253}"
EndProject
Project("{FAE04EC0-301F-11D3-BF4B-00C04F79EFBC}") = "Disruptor.Test", "Disruptor.Test\Disruptor.Test.csproj", "{500F9421-7756-4AB9-9388-CCF7DCE01338}"
EndProject
Global
	GlobalSection(SolutionConfigurationPlatforms) = preSolution
		Debug|Any CPU = Debug|Any CPU
		Release|Any CPU = Release|Any CPU
	EndGlobalSection
	GlobalSection(ProjectConfigurationPlatforms) = postSolution
		{500F9421-7756-4AB9-9388-CCF7DCE01338}.Debug|Any CPU.ActiveCfg = Debug|Any CPU
		{500F9421-7756-4AB9-9388-CCF7DCE01338}.Debug|Any CPU.Build.0 = Debug|Any CPU
		{500F9421-7756-4AB9-9388-CCF7DCE01338}.Release|Any CPU.ActiveCfg = Release|Any CPU
		{500F9421-7756-4AB9-9388-CCF7DCE01338}.Release|Any CPU.Build.0 = Release|Any CPU
		{9EBDC462-73AA-4A6E-9030-AE0A2E823253}.Debug|Any CPU.ActiveCfg = Debug|Any CPU
		{9EBDC462-73AA-4A6E-9030-AE0A2E823253}.Debug|Any CPU.Build.0 = Debug|Any CPU
		{9EBDC462-73AA-4A6E-9030-AE0A2E823253}.Release|Any CPU.ActiveCfg = Release|Any CPU
		{9EBDC462-73AA-4A6E-9030-AE0A2E823253}.Release|Any CPU.Build.0 = Release|Any CPU
	EndGlobalSection
	GlobalSection(MonoDevelopProperties) = preSolution
		StartupItem = Disruptor.csproj
	EndGlobalSection
EndGlobal
